
Microsoft Visual Studio Solution File, Format Version 12.00
# Visual Studio 15
VisualStudioVersion = 15.0.26124.0
MinimumVisualStudioVersion = 15.0.26124.0
Project("{FAE04EC0-301F-11D3-BF4B-00C04F79EFBC}") = "DataDashboard.Api", "DataDashboard.Api\DataDashboard.Api.csproj", "{AD1BBBB5-AA31-4A37-A2C3-C184FA7C1B63}"
EndProject
Project("{FAE04EC0-301F-11D3-BF4B-00C04F79EFBC}") = "DataDashboard.Core", "DataDashboard.Core\DataDashboard.Core.csproj", "{2D69E7A6-E846-4C0A-9A2E-FB08140FA886}"
EndProject
Project("{FAE04EC0-301F-11D3-BF4B-00C04F79EFBC}") = "DataDashboard.Infrastructure", "DataDashboard.Infrastructure\DataDashboard.Infrastructure.csproj", "{61EF92B4-055B-4AFC-9CC4-C79FB6D4A176}"
EndProject
Project("{FAE04EC0-301F-11D3-BF4B-00C04F79EFBC}") = "DataDashboard.Client", "DataDashBoard.Client\DataDashboard.Client.csproj", "{3F8FECF3-43C9-4B10-A634-2B8FE1570C6E}"
EndProject
Global
	GlobalSection(SolutionConfigurationPlatforms) = preSolution
		Debug|Any CPU = Debug|Any CPU
		Debug|x64 = Debug|x64
		Debug|x86 = Debug|x86
		Release|Any CPU = Release|Any CPU
		Release|x64 = Release|x64
		Release|x86 = Release|x86
	EndGlobalSection
	GlobalSection(SolutionProperties) = preSolution
		HideSolutionNode = FALSE
	EndGlobalSection
	GlobalSection(ProjectConfigurationPlatforms) = postSolution
		{AD1BBBB5-AA31-4A37-A2C3-C184FA7C1B63}.Debug|Any CPU.ActiveCfg = Debug|Any CPU
		{AD1BBBB5-AA31-4A37-A2C3-C184FA7C1B63}.Debug|Any CPU.Build.0 = Debug|Any CPU
		{AD1BBBB5-AA31-4A37-A2C3-C184FA7C1B63}.Debug|x64.ActiveCfg = Debug|Any CPU
		{AD1BBBB5-AA31-4A37-A2C3-C184FA7C1B63}.Debug|x64.Build.0 = Debug|Any CPU
		{AD1BBBB5-AA31-4A37-A2C3-C184FA7C1B63}.Debug|x86.ActiveCfg = Debug|Any CPU
		{AD1BBBB5-AA31-4A37-A2C3-C184FA7C1B63}.Debug|x86.Build.0 = Debug|Any CPU
		{AD1BBBB5-AA31-4A37-A2C3-C184FA7C1B63}.Release|Any CPU.ActiveCfg = Release|Any CPU
		{AD1BBBB5-AA31-4A37-A2C3-C184FA7C1B63}.Release|Any CPU.Build.0 = Release|Any CPU
		{AD1BBBB5-AA31-4A37-A2C3-C184FA7C1B63}.Release|x64.ActiveCfg = Release|Any CPU
		{AD1BBBB5-AA31-4A37-A2C3-C184FA7C1B63}.Release|x64.Build.0 = Release|Any CPU
		{AD1BBBB5-AA31-4A37-A2C3-C184FA7C1B63}.Release|x86.ActiveCfg = Release|Any CPU
		{AD1BBBB5-AA31-4A37-A2C3-C184FA7C1B63}.Release|x86.Build.0 = Release|Any CPU
		{2D69E7A6-E846-4C0A-9A2E-FB08140FA886}.Debug|Any CPU.ActiveCfg = Debug|Any CPU
		{2D69E7A6-E846-4C0A-9A2E-FB08140FA886}.Debug|Any CPU.Build.0 = Debug|Any CPU
		{2D69E7A6-E846-4C0A-9A2E-FB08140FA886}.Debug|x64.ActiveCfg = Debug|Any CPU
		{2D69E7A6-E846-4C0A-9A2E-FB08140FA886}.Debug|x64.Build.0 = Debug|Any CPU
		{2D69E7A6-E846-4C0A-9A2E-FB08140FA886}.Debug|x86.ActiveCfg = Debug|Any CPU
		{2D69E7A6-E846-4C0A-9A2E-FB08140FA886}.Debug|x86.Build.0 = Debug|Any CPU
		{2D69E7A6-E846-4C0A-9A2E-FB08140FA886}.Release|Any CPU.ActiveCfg = Release|Any CPU
		{2D69E7A6-E846-4C0A-9A2E-FB08140FA886}.Release|Any CPU.Build.0 = Release|Any CPU
		{2D69E7A6-E846-4C0A-9A2E-FB08140FA886}.Release|x64.ActiveCfg = Release|Any CPU
		{2D69E7A6-E846-4C0A-9A2E-FB08140FA886}.Release|x64.Build.0 = Release|Any CPU
		{2D69E7A6-E846-4C0A-9A2E-FB08140FA886}.Release|x86.ActiveCfg = Release|Any CPU
		{2D69E7A6-E846-4C0A-9A2E-FB08140FA886}.Release|x86.Build.0 = Release|Any CPU
		{61EF92B4-055B-4AFC-9CC4-C79FB6D4A176}.Debug|Any CPU.ActiveCfg = Debug|Any CPU
		{61EF92B4-055B-4AFC-9CC4-C79FB6D4A176}.Debug|Any CPU.Build.0 = Debug|Any CPU
		{61EF92B4-055B-4AFC-9CC4-C79FB6D4A176}.Debug|x64.ActiveCfg = Debug|Any CPU
		{61EF92B4-055B-4AFC-9CC4-C79FB6D4A176}.Debug|x64.Build.0 = Debug|Any CPU
		{61EF92B4-055B-4AFC-9CC4-C79FB6D4A176}.Debug|x86.ActiveCfg = Debug|Any CPU
		{61EF92B4-055B-4AFC-9CC4-C79FB6D4A176}.Debug|x86.Build.0 = Debug|Any CPU
		{61EF92B4-055B-4AFC-9CC4-C79FB6D4A176}.Release|Any CPU.ActiveCfg = Release|Any CPU
		{61EF92B4-055B-4AFC-9CC4-C79FB6D4A176}.Release|Any CPU.Build.0 = Release|Any CPU
		{61EF92B4-055B-4AFC-9CC4-C79FB6D4A176}.Release|x64.ActiveCfg = Release|Any CPU
		{61EF92B4-055B-4AFC-9CC4-C79FB6D4A176}.Release|x64.Build.0 = Release|Any CPU
		{61EF92B4-055B-4AFC-9CC4-C79FB6D4A176}.Release|x86.ActiveCfg = Release|Any CPU
		{61EF92B4-055B-4AFC-9CC4-C79FB6D4A176}.Release|x86.Build.0 = Release|Any CPU
		{3F8FECF3-43C9-4B10-A634-2B8FE1570C6E}.Debug|Any CPU.ActiveCfg = Debug|Any CPU
		{3F8FECF3-43C9-4B10-A634-2B8FE1570C6E}.Debug|Any CPU.Build.0 = Debug|Any CPU
		{3F8FECF3-43C9-4B10-A634-2B8FE1570C6E}.Debug|x64.ActiveCfg = Debug|Any CPU
		{3F8FECF3-43C9-4B10-A634-2B8FE1570C6E}.Debug|x64.Build.0 = Debug|Any CPU
		{3F8FECF3-43C9-4B10-A634-2B8FE1570C6E}.Debug|x86.ActiveCfg = Debug|Any CPU
		{3F8FECF3-43C9-4B10-A634-2B8FE1570C6E}.Debug|x86.Build.0 = Debug|Any CPU
		{3F8FECF3-43C9-4B10-A634-2B8FE1570C6E}.Release|Any CPU.ActiveCfg = Release|Any CPU
		{3F8FECF3-43C9-4B10-A634-2B8FE1570C6E}.Release|Any CPU.Build.0 = Release|Any CPU
		{3F8FECF3-43C9-4B10-A634-2B8FE1570C6E}.Release|x64.ActiveCfg = Release|Any CPU
		{3F8FECF3-43C9-4B10-A634-2B8FE1570C6E}.Release|x64.Build.0 = Release|Any CPU
		{3F8FECF3-43C9-4B10-A634-2B8FE1570C6E}.Release|x86.ActiveCfg = Release|Any CPU
		{3F8FECF3-43C9-4B10-A634-2B8FE1570C6E}.Release|x86.Build.0 = Release|Any CPU
	EndGlobalSection
EndGlobal
